// !$*UTF8*$!
{
	archiveVersion = 1;
	classes = {
	};
	objectVersion = 52;
	objects = {

/* Begin PBXBuildFile section */
		1087A9342785754A00854435 /* MessageCell.swift in Sources */ = {isa = PBXBuildFile; fileRef = 1087A9322785754A00854435 /* MessageCell.swift */; };
		1087A9352785754A00854435 /* MessageCell.xib in Resources */ = {isa = PBXBuildFile; fileRef = 1087A9332785754A00854435 /* MessageCell.xib */; };
		532272A7276F1EDB00F05437 /* AppDelegate.swift in Sources */ = {isa = PBXBuildFile; fileRef = 532272A6276F1EDB00F05437 /* AppDelegate.swift */; };
		532272A9276F1EDB00F05437 /* SceneDelegate.swift in Sources */ = {isa = PBXBuildFile; fileRef = 532272A8276F1EDB00F05437 /* SceneDelegate.swift */; };
		532272AB276F1EDB00F05437 /* WelcomeVC.swift in Sources */ = {isa = PBXBuildFile; fileRef = 532272AA276F1EDB00F05437 /* WelcomeVC.swift */; };
		532272AE276F1EDB00F05437 /* Main.storyboard in Resources */ = {isa = PBXBuildFile; fileRef = 532272AC276F1EDB00F05437 /* Main.storyboard */; };
		532272B0276F1EDD00F05437 /* Assets.xcassets in Resources */ = {isa = PBXBuildFile; fileRef = 532272AF276F1EDD00F05437 /* Assets.xcassets */; };
		532272B3276F1EDD00F05437 /* LaunchScreen.storyboard in Resources */ = {isa = PBXBuildFile; fileRef = 532272B1276F1EDD00F05437 /* LaunchScreen.storyboard */; };
		532272BB276F1F6E00F05437 /* GoogleService-Info.plist in Resources */ = {isa = PBXBuildFile; fileRef = 532272BA276F1F6E00F05437 /* GoogleService-Info.plist */; };
		532272BE276F200300F05437 /* FirebaseAuth in Frameworks */ = {isa = PBXBuildFile; productRef = 532272BD276F200300F05437 /* FirebaseAuth */; };
		532272C0276F200300F05437 /* FirebaseFirestore in Frameworks */ = {isa = PBXBuildFile; productRef = 532272BF276F200300F05437 /* FirebaseFirestore */; };
		534F46FA277DDD2900AFE5AA /* FirebaseStorage in Frameworks */ = {isa = PBXBuildFile; productRef = 534F46F9277DDD2900AFE5AA /* FirebaseStorage */; };
		53525DF7278395AC003309F3 /* CommentCell.swift in Sources */ = {isa = PBXBuildFile; fileRef = 53525DF5278395AC003309F3 /* CommentCell.swift */; };
		53525DF8278395AC003309F3 /* CommentCell.xib in Resources */ = {isa = PBXBuildFile; fileRef = 53525DF6278395AC003309F3 /* CommentCell.xib */; };
		53525DFA27841C7B003309F3 /* Ad.swift in Sources */ = {isa = PBXBuildFile; fileRef = 53525DF927841C7B003309F3 /* Ad.swift */; };
		53525DFC27841D70003309F3 /*  Course .swift in Sources */ = {isa = PBXBuildFile; fileRef = 53525DFB27841D70003309F3 /*  Course .swift */; };
		536EFB772781838000F53B7B /* PostDetailsVC.swift in Sources */ = {isa = PBXBuildFile; fileRef = 536EFB762781838000F53B7B /* PostDetailsVC.swift */; };
		536EFB802781879300F53B7B /* PostCell.swift in Sources */ = {isa = PBXBuildFile; fileRef = 536EFB7E2781879300F53B7B /* PostCell.swift */; };
		536EFB812781879300F53B7B /* PostCell.xib in Resources */ = {isa = PBXBuildFile; fileRef = 536EFB7F2781879300F53B7B /* PostCell.xib */; };
		536EFB8C278189AC00F53B7B /* RecentMessageCell.swift in Sources */ = {isa = PBXBuildFile; fileRef = 536EFB8A278189AC00F53B7B /* RecentMessageCell.swift */; };
		536EFB8D278189AC00F53B7B /* RecentMessageCell.xib in Resources */ = {isa = PBXBuildFile; fileRef = 536EFB8B278189AC00F53B7B /* RecentMessageCell.xib */; };
		536EFB8F27818CF300F53B7B /* MoreVC.swift in Sources */ = {isa = PBXBuildFile; fileRef = 536EFB8E27818CF300F53B7B /* MoreVC.swift */; };
		536EFB9127818F3300F53B7B /* AdsVC.swift in Sources */ = {isa = PBXBuildFile; fileRef = 536EFB9027818F3300F53B7B /* AdsVC.swift */; };
		536EFB9327818F7900F53B7B /* CoursesVC.swift in Sources */ = {isa = PBXBuildFile; fileRef = 536EFB9227818F7900F53B7B /* CoursesVC.swift */; };
		536EFB952781909300F53B7B /* ChatVC.swift in Sources */ = {isa = PBXBuildFile; fileRef = 536EFB942781909300F53B7B /* ChatVC.swift */; };
		536EFB97278191A100F53B7B /* RecentMessagesVC.swift in Sources */ = {isa = PBXBuildFile; fileRef = 536EFB96278191A100F53B7B /* RecentMessagesVC.swift */; };
		536EFB992781936E00F53B7B /* ChatUser.swift in Sources */ = {isa = PBXBuildFile; fileRef = 536EFB982781936E00F53B7B /* ChatUser.swift */; };
		536EFB9B2782D6A700F53B7B /* Comment.swift in Sources */ = {isa = PBXBuildFile; fileRef = 536EFB9A2782D6A700F53B7B /* Comment.swift */; };
		539A460C2774F2AA00DE001F /* HomeVC.swift in Sources */ = {isa = PBXBuildFile; fileRef = 539A460B2774F2AA00DE001F /* HomeVC.swift */; };
		53D85DE12777B09200D11B72 /* ProfileVC.swift in Sources */ = {isa = PBXBuildFile; fileRef = 53D85DE02777B09200D11B72 /* ProfileVC.swift */; };
		53D85DED2778ECD200D11B72 /* Message.swift in Sources */ = {isa = PBXBuildFile; fileRef = 53D85DEC2778ECD200D11B72 /* Message.swift */; };
		53D85DF0277A39A900D11B72 /* IQKeyboardManagerSwift in Frameworks */ = {isa = PBXBuildFile; productRef = 53D85DEF277A39A900D11B72 /* IQKeyboardManagerSwift */; };
		53D85DF6277AEBA100D11B72 /* UIView+Ext.swift in Sources */ = {isa = PBXBuildFile; fileRef = 53D85DF5277AEBA100D11B72 /* UIView+Ext.swift */; };
		53E8739327707D5D0012B8E7 /* SignUpVC.swift in Sources */ = {isa = PBXBuildFile; fileRef = 53E8739227707D5D0012B8E7 /* SignUpVC.swift */; };
		53E873952770848F0012B8E7 /* LoginVC.swift in Sources */ = {isa = PBXBuildFile; fileRef = 53E873942770848F0012B8E7 /* LoginVC.swift */; };
		53F338F62770E13C0087EEEB /* Post.swift in Sources */ = {isa = PBXBuildFile; fileRef = 53F338F52770E13C0087EEEB /* Post.swift */; };
		53F338FB2770EA550087EEEB /* NewPostVC.swift in Sources */ = {isa = PBXBuildFile; fileRef = 53F338FA2770EA550087EEEB /* NewPostVC.swift */; };
		53FEC06F277F056E0027610D /* SDWebImage in Frameworks */ = {isa = PBXBuildFile; productRef = 53FEC06E277F056E0027610D /* SDWebImage */; };
		53FEC071277F0D7B0027610D /* UserLoginValidationVC.swift in Sources */ = {isa = PBXBuildFile; fileRef = 53FEC070277F0D7B0027610D /* UserLoginValidationVC.swift */; };
		53FEC073277F16A80027610D /* UIViewController+Ext.swift in Sources */ = {isa = PBXBuildFile; fileRef = 53FEC072277F16A80027610D /* UIViewController+Ext.swift */; };
/* End PBXBuildFile section */

/* Begin PBXFileReference section */
		1087A9322785754A00854435 /* MessageCell.swift */ = {isa = PBXFileReference; lastKnownFileType = sourcecode.swift; path = MessageCell.swift; sourceTree = "<group>"; };
		1087A9332785754A00854435 /* MessageCell.xib */ = {isa = PBXFileReference; lastKnownFileType = file.xib; path = MessageCell.xib; sourceTree = "<group>"; };
		532272A3276F1EDB00F05437 /* ALUMNI.app */ = {isa = PBXFileReference; explicitFileType = wrapper.application; includeInIndex = 0; path = ALUMNI.app; sourceTree = BUILT_PRODUCTS_DIR; };
		532272A6276F1EDB00F05437 /* AppDelegate.swift */ = {isa = PBXFileReference; lastKnownFileType = sourcecode.swift; path = AppDelegate.swift; sourceTree = "<group>"; };
		532272A8276F1EDB00F05437 /* SceneDelegate.swift */ = {isa = PBXFileReference; lastKnownFileType = sourcecode.swift; path = SceneDelegate.swift; sourceTree = "<group>"; };
		532272AA276F1EDB00F05437 /* WelcomeVC.swift */ = {isa = PBXFileReference; lastKnownFileType = sourcecode.swift; path = WelcomeVC.swift; sourceTree = "<group>"; };
		532272AD276F1EDB00F05437 /* Base */ = {isa = PBXFileReference; lastKnownFileType = file.storyboard; name = Base; path = Base.lproj/Main.storyboard; sourceTree = "<group>"; };
		532272AF276F1EDD00F05437 /* Assets.xcassets */ = {isa = PBXFileReference; lastKnownFileType = folder.assetcatalog; path = Assets.xcassets; sourceTree = "<group>"; };
		532272B2276F1EDD00F05437 /* Base */ = {isa = PBXFileReference; lastKnownFileType = file.storyboard; name = Base; path = Base.lproj/LaunchScreen.storyboard; sourceTree = "<group>"; };
		532272B4276F1EDD00F05437 /* Info.plist */ = {isa = PBXFileReference; lastKnownFileType = text.plist.xml; path = Info.plist; sourceTree = "<group>"; };
		532272BA276F1F6E00F05437 /* GoogleService-Info.plist */ = {isa = PBXFileReference; fileEncoding = 4; lastKnownFileType = text.plist.xml; path = "GoogleService-Info.plist"; sourceTree = "<group>"; };
		53525DF5278395AC003309F3 /* CommentCell.swift */ = {isa = PBXFileReference; lastKnownFileType = sourcecode.swift; path = CommentCell.swift; sourceTree = "<group>"; };
		53525DF6278395AC003309F3 /* CommentCell.xib */ = {isa = PBXFileReference; lastKnownFileType = file.xib; path = CommentCell.xib; sourceTree = "<group>"; };
		53525DF927841C7B003309F3 /* Ad.swift */ = {isa = PBXFileReference; lastKnownFileType = sourcecode.swift; path = Ad.swift; sourceTree = "<group>"; };
		53525DFB27841D70003309F3 /*  Course .swift */ = {isa = PBXFileReference; lastKnownFileType = sourcecode.swift; path = " Course .swift"; sourceTree = "<group>"; };
		536EFB762781838000F53B7B /* PostDetailsVC.swift */ = {isa = PBXFileReference; lastKnownFileType = sourcecode.swift; path = PostDetailsVC.swift; sourceTree = "<group>"; };
		536EFB7E2781879300F53B7B /* PostCell.swift */ = {isa = PBXFileReference; lastKnownFileType = sourcecode.swift; path = PostCell.swift; sourceTree = "<group>"; };
		536EFB7F2781879300F53B7B /* PostCell.xib */ = {isa = PBXFileReference; lastKnownFileType = file.xib; path = PostCell.xib; sourceTree = "<group>"; };
		536EFB8A278189AC00F53B7B /* RecentMessageCell.swift */ = {isa = PBXFileReference; lastKnownFileType = sourcecode.swift; path = RecentMessageCell.swift; sourceTree = "<group>"; };
		536EFB8B278189AC00F53B7B /* RecentMessageCell.xib */ = {isa = PBXFileReference; lastKnownFileType = file.xib; path = RecentMessageCell.xib; sourceTree = "<group>"; };
		536EFB8E27818CF300F53B7B /* MoreVC.swift */ = {isa = PBXFileReference; lastKnownFileType = sourcecode.swift; path = MoreVC.swift; sourceTree = "<group>"; };
		536EFB9027818F3300F53B7B /* AdsVC.swift */ = {isa = PBXFileReference; lastKnownFileType = sourcecode.swift; path = AdsVC.swift; sourceTree = "<group>"; };
		536EFB9227818F7900F53B7B /* CoursesVC.swift */ = {isa = PBXFileReference; lastKnownFileType = sourcecode.swift; path = CoursesVC.swift; sourceTree = "<group>"; };
		536EFB942781909300F53B7B /* ChatVC.swift */ = {isa = PBXFileReference; lastKnownFileType = sourcecode.swift; path = ChatVC.swift; sourceTree = "<group>"; };
		536EFB96278191A100F53B7B /* RecentMessagesVC.swift */ = {isa = PBXFileReference; lastKnownFileType = sourcecode.swift; path = RecentMessagesVC.swift; sourceTree = "<group>"; };
		536EFB982781936E00F53B7B /* ChatUser.swift */ = {isa = PBXFileReference; lastKnownFileType = sourcecode.swift; path = ChatUser.swift; sourceTree = "<group>"; };
		536EFB9A2782D6A700F53B7B /* Comment.swift */ = {isa = PBXFileReference; lastKnownFileType = sourcecode.swift; path = Comment.swift; sourceTree = "<group>"; };
		539A460B2774F2AA00DE001F /* HomeVC.swift */ = {isa = PBXFileReference; fileEncoding = 4; lastKnownFileType = sourcecode.swift; path = HomeVC.swift; sourceTree = "<group>"; };
		53D85DE02777B09200D11B72 /* ProfileVC.swift */ = {isa = PBXFileReference; fileEncoding = 4; lastKnownFileType = sourcecode.swift; path = ProfileVC.swift; sourceTree = "<group>"; };
		53D85DEC2778ECD200D11B72 /* Message.swift */ = {isa = PBXFileReference; lastKnownFileType = sourcecode.swift; path = Message.swift; sourceTree = "<group>"; };
		53D85DF5277AEBA100D11B72 /* UIView+Ext.swift */ = {isa = PBXFileReference; lastKnownFileType = sourcecode.swift; path = "UIView+Ext.swift"; sourceTree = "<group>"; };
		53E8739227707D5D0012B8E7 /* SignUpVC.swift */ = {isa = PBXFileReference; lastKnownFileType = sourcecode.swift; path = SignUpVC.swift; sourceTree = "<group>"; };
		53E873942770848F0012B8E7 /* LoginVC.swift */ = {isa = PBXFileReference; fileEncoding = 4; lastKnownFileType = sourcecode.swift; path = LoginVC.swift; sourceTree = "<group>"; };
		53F338F52770E13C0087EEEB /* Post.swift */ = {isa = PBXFileReference; lastKnownFileType = sourcecode.swift; path = Post.swift; sourceTree = "<group>"; };
		53F338FA2770EA550087EEEB /* NewPostVC.swift */ = {isa = PBXFileReference; lastKnownFileType = sourcecode.swift; name = NewPostVC.swift; path = ALUMNI/Model/NewPostVC.swift; sourceTree = SOURCE_ROOT; };
		53FEC070277F0D7B0027610D /* UserLoginValidationVC.swift */ = {isa = PBXFileReference; lastKnownFileType = sourcecode.swift; path = UserLoginValidationVC.swift; sourceTree = "<group>"; };
		53FEC072277F16A80027610D /* UIViewController+Ext.swift */ = {isa = PBXFileReference; lastKnownFileType = sourcecode.swift; path = "UIViewController+Ext.swift"; sourceTree = "<group>"; };
/* End PBXFileReference section */

/* Begin PBXFrameworksBuildPhase section */
		532272A0276F1EDB00F05437 /* Frameworks */ = {
			isa = PBXFrameworksBuildPhase;
			buildActionMask = 2147483647;
			files = (
				532272BE276F200300F05437 /* FirebaseAuth in Frameworks */,
				534F46FA277DDD2900AFE5AA /* FirebaseStorage in Frameworks */,
				532272C0276F200300F05437 /* FirebaseFirestore in Frameworks */,
				53D85DF0277A39A900D11B72 /* IQKeyboardManagerSwift in Frameworks */,
				53FEC06F277F056E0027610D /* SDWebImage in Frameworks */,
			);
			runOnlyForDeploymentPostprocessing = 0;
		};
/* End PBXFrameworksBuildPhase section */

/* Begin PBXGroup section */
		5322729A276F1EDB00F05437 = {
			isa = PBXGroup;
			children = (
				532272A5276F1EDB00F05437 /* ALUMNI */,
				532272A4276F1EDB00F05437 /* Products */,
				534F46F8277DDD2900AFE5AA /* Frameworks */,
			);
			sourceTree = "<group>";
		};
		532272A4276F1EDB00F05437 /* Products */ = {
			isa = PBXGroup;
			children = (
				532272A3276F1EDB00F05437 /* ALUMNI.app */,
			);
			name = Products;
			sourceTree = "<group>";
		};
		532272A5276F1EDB00F05437 /* ALUMNI */ = {
			isa = PBXGroup;
			children = (
				532272A6276F1EDB00F05437 /* AppDelegate.swift */,
				532272A8276F1EDB00F05437 /* SceneDelegate.swift */,
				53F338F72770E1410087EEEB /* Model */,
				53E87398277084C30012B8E7 /* Helpers */,
				53E87399277084F60012B8E7 /* ViewController */,
				53243A58277112BF0008DB26 /* View */,
				532272AF276F1EDD00F05437 /* Assets.xcassets */,
				532272B1276F1EDD00F05437 /* LaunchScreen.storyboard */,
				532272B4276F1EDD00F05437 /* Info.plist */,
				532272BA276F1F6E00F05437 /* GoogleService-Info.plist */,
			);
			path = ALUMNI;
			sourceTree = "<group>";
		};
		53243A58277112BF0008DB26 /* View */ = {
			isa = PBXGroup;
			children = (
				536EFB7E2781879300F53B7B /* PostCell.swift */,
				536EFB7F2781879300F53B7B /* PostCell.xib */,
				1087A9322785754A00854435 /* MessageCell.swift */,
				1087A9332785754A00854435 /* MessageCell.xib */,
				53525DF5278395AC003309F3 /* CommentCell.swift */,
				53525DF6278395AC003309F3 /* CommentCell.xib */,
				536EFB8A278189AC00F53B7B /* RecentMessageCell.swift */,
				536EFB8B278189AC00F53B7B /* RecentMessageCell.xib */,
				532272AC276F1EDB00F05437 /* Main.storyboard */,
			);
			path = View;
			sourceTree = "<group>";
		};
		534F46F8277DDD2900AFE5AA /* Frameworks */ = {
			isa = PBXGroup;
			children = (
			);
			name = Frameworks;
			sourceTree = "<group>";
		};
		53E87398277084C30012B8E7 /* Helpers */ = {
			isa = PBXGroup;
			children = (
				53D85DF5277AEBA100D11B72 /* UIView+Ext.swift */,
				53FEC072277F16A80027610D /* UIViewController+Ext.swift */,
			);
			path = Helpers;
			sourceTree = "<group>";
		};
		53E87399277084F60012B8E7 /* ViewController */ = {
			isa = PBXGroup;
			children = (
				53FEC070277F0D7B0027610D /* UserLoginValidationVC.swift */,
				532272AA276F1EDB00F05437 /* WelcomeVC.swift */,
				53E873942770848F0012B8E7 /* LoginVC.swift */,
				53E8739227707D5D0012B8E7 /* SignUpVC.swift */,
				539A460B2774F2AA00DE001F /* HomeVC.swift */,
				53F338FA2770EA550087EEEB /* NewPostVC.swift */,
				536EFB762781838000F53B7B /* PostDetailsVC.swift */,
				53D85DE02777B09200D11B72 /* ProfileVC.swift */,
				536EFB96278191A100F53B7B /* RecentMessagesVC.swift */,
				536EFB942781909300F53B7B /* ChatVC.swift */,
				536EFB8E27818CF300F53B7B /* MoreVC.swift */,
				536EFB9027818F3300F53B7B /* AdsVC.swift */,
				536EFB9227818F7900F53B7B /* CoursesVC.swift */,
			);
			path = ViewController;
			sourceTree = "<group>";
		};
		53F338F72770E1410087EEEB /* Model */ = {
			isa = PBXGroup;
			children = (
				53F338F52770E13C0087EEEB /* Post.swift */,
				53D85DEC2778ECD200D11B72 /* Message.swift */,
				536EFB982781936E00F53B7B /* ChatUser.swift */,
				536EFB9A2782D6A700F53B7B /* Comment.swift */,
				53525DFB27841D70003309F3 /*  Course .swift */,
				53525DF927841C7B003309F3 /* Ad.swift */,
			);
			path = Model;
			sourceTree = "<group>";
		};
/* End PBXGroup section */

/* Begin PBXNativeTarget section */
		532272A2276F1EDB00F05437 /* ALUMNI */ = {
			isa = PBXNativeTarget;
			buildConfigurationList = 532272B7276F1EDD00F05437 /* Build configuration list for PBXNativeTarget "ALUMNI" */;
			buildPhases = (
				5322729F276F1EDB00F05437 /* Sources */,
				532272A0276F1EDB00F05437 /* Frameworks */,
				532272A1276F1EDB00F05437 /* Resources */,
			);
			buildRules = (
			);
			dependencies = (
			);
			name = ALUMNI;
			packageProductDependencies = (
				532272BD276F200300F05437 /* FirebaseAuth */,
				532272BF276F200300F05437 /* FirebaseFirestore */,
				53D85DEF277A39A900D11B72 /* IQKeyboardManagerSwift */,
				534F46F9277DDD2900AFE5AA /* FirebaseStorage */,
				53FEC06E277F056E0027610D /* SDWebImage */,
			);
			productName = ALUMNI;
			productReference = 532272A3276F1EDB00F05437 /* ALUMNI.app */;
			productType = "com.apple.product-type.application";
		};
/* End PBXNativeTarget section */

/* Begin PBXProject section */
		5322729B276F1EDB00F05437 /* Project object */ = {
			isa = PBXProject;
			attributes = {
				LastSwiftUpdateCheck = 1250;
				LastUpgradeCheck = 1250;
				TargetAttributes = {
					532272A2276F1EDB00F05437 = {
						CreatedOnToolsVersion = 12.5;
					};
				};
			};
			buildConfigurationList = 5322729E276F1EDB00F05437 /* Build configuration list for PBXProject "ALUMNI" */;
			compatibilityVersion = "Xcode 9.3";
			developmentRegion = en;
			hasScannedForEncodings = 0;
			knownRegions = (
				en,
				Base,
			);
			mainGroup = 5322729A276F1EDB00F05437;
			packageReferences = (
				532272BC276F200300F05437 /* XCRemoteSwiftPackageReference "firebase-ios-sdk" */,
				53D85DEE277A39A900D11B72 /* XCRemoteSwiftPackageReference "IQKeyboardManager" */,
				53FEC06D277F056E0027610D /* XCRemoteSwiftPackageReference "SDWebImage" */,
			);
			productRefGroup = 532272A4276F1EDB00F05437 /* Products */;
			projectDirPath = "";
			projectRoot = "";
			targets = (
				532272A2276F1EDB00F05437 /* ALUMNI */,
			);
		};
/* End PBXProject section */

/* Begin PBXResourcesBuildPhase section */
		532272A1276F1EDB00F05437 /* Resources */ = {
			isa = PBXResourcesBuildPhase;
			buildActionMask = 2147483647;
			files = (
				532272B3276F1EDD00F05437 /* LaunchScreen.storyboard in Resources */,
				532272BB276F1F6E00F05437 /* GoogleService-Info.plist in Resources */,
				536EFB812781879300F53B7B /* PostCell.xib in Resources */,
				53525DF8278395AC003309F3 /* CommentCell.xib in Resources */,
				536EFB8D278189AC00F53B7B /* RecentMessageCell.xib in Resources */,
				1087A9352785754A00854435 /* MessageCell.xib in Resources */,
				532272B0276F1EDD00F05437 /* Assets.xcassets in Resources */,
				532272AE276F1EDB00F05437 /* Main.storyboard in Resources */,
			);
			runOnlyForDeploymentPostprocessing = 0;
		};
/* End PBXResourcesBuildPhase section */

/* Begin PBXSourcesBuildPhase section */
		5322729F276F1EDB00F05437 /* Sources */ = {
			isa = PBXSourcesBuildPhase;
			buildActionMask = 2147483647;
			files = (
				536EFB992781936E00F53B7B /* ChatUser.swift in Sources */,
				536EFB8C278189AC00F53B7B /* RecentMessageCell.swift in Sources */,
				536EFB97278191A100F53B7B /* RecentMessagesVC.swift in Sources */,
				53D85DE12777B09200D11B72 /* ProfileVC.swift in Sources */,
				53FEC071277F0D7B0027610D /* UserLoginValidationVC.swift in Sources */,
				53525DF7278395AC003309F3 /* CommentCell.swift in Sources */,
				53525DFC27841D70003309F3 /*  Course .swift in Sources */,
				536EFB9127818F3300F53B7B /* AdsVC.swift in Sources */,
				53D85DED2778ECD200D11B72 /* Message.swift in Sources */,
				53E873952770848F0012B8E7 /* LoginVC.swift in Sources */,
				53E8739327707D5D0012B8E7 /* SignUpVC.swift in Sources */,
				53F338FB2770EA550087EEEB /* NewPostVC.swift in Sources */,
				536EFB9B2782D6A700F53B7B /* Comment.swift in Sources */,
				536EFB9327818F7900F53B7B /* CoursesVC.swift in Sources */,
				532272AB276F1EDB00F05437 /* WelcomeVC.swift in Sources */,
				536EFB952781909300F53B7B /* ChatVC.swift in Sources */,
				53FEC073277F16A80027610D /* UIViewController+Ext.swift in Sources */,
				532272A7276F1EDB00F05437 /* AppDelegate.swift in Sources */,
				536EFB772781838000F53B7B /* PostDetailsVC.swift in Sources */,
				53F338F62770E13C0087EEEB /* Post.swift in Sources */,
				532272A9276F1EDB00F05437 /* SceneDelegate.swift in Sources */,
				53D85DF6277AEBA100D11B72 /* UIView+Ext.swift in Sources */,
				539A460C2774F2AA00DE001F /* HomeVC.swift in Sources */,
				536EFB802781879300F53B7B /* PostCell.swift in Sources */,
				53525DFA27841C7B003309F3 /* Ad.swift in Sources */,
				536EFB8F27818CF300F53B7B /* MoreVC.swift in Sources */,
				1087A9342785754A00854435 /* MessageCell.swift in Sources */,
			);
			runOnlyForDeploymentPostprocessing = 0;
		};
/* End PBXSourcesBuildPhase section */

/* Begin PBXVariantGroup section */
		532272AC276F1EDB00F05437 /* Main.storyboard */ = {
			isa = PBXVariantGroup;
			children = (
				532272AD276F1EDB00F05437 /* Base */,
			);
			name = Main.storyboard;
			sourceTree = "<group>";
		};
		532272B1276F1EDD00F05437 /* LaunchScreen.storyboard */ = {
			isa = PBXVariantGroup;
			children = (
				532272B2276F1EDD00F05437 /* Base */,
			);
			name = LaunchScreen.storyboard;
			sourceTree = "<group>";
		};
/* End PBXVariantGroup section */

/* Begin XCBuildConfiguration section */
		532272B5276F1EDD00F05437 /* Debug */ = {
			isa = XCBuildConfiguration;
			buildSettings = {
				ALWAYS_SEARCH_USER_PATHS = NO;
				CLANG_ANALYZER_NONNULL = YES;
				CLANG_ANALYZER_NUMBER_OBJECT_CONVERSION = YES_AGGRESSIVE;
				CLANG_CXX_LANGUAGE_STANDARD = "gnu++14";
				CLANG_CXX_LIBRARY = "libc++";
				CLANG_ENABLE_MODULES = YES;
				CLANG_ENABLE_OBJC_ARC = YES;
				CLANG_ENABLE_OBJC_WEAK = YES;
				CLANG_WARN_BLOCK_CAPTURE_AUTORELEASING = YES;
				CLANG_WARN_BOOL_CONVERSION = YES;
				CLANG_WARN_COMMA = YES;
				CLANG_WARN_CONSTANT_CONVERSION = YES;
				CLANG_WARN_DEPRECATED_OBJC_IMPLEMENTATIONS = YES;
				CLANG_WARN_DIRECT_OBJC_ISA_USAGE = YES_ERROR;
				CLANG_WARN_DOCUMENTATION_COMMENTS = YES;
				CLANG_WARN_EMPTY_BODY = YES;
				CLANG_WARN_ENUM_CONVERSION = YES;
				CLANG_WARN_INFINITE_RECURSION = YES;
				CLANG_WARN_INT_CONVERSION = YES;
				CLANG_WARN_NON_LITERAL_NULL_CONVERSION = YES;
				CLANG_WARN_OBJC_IMPLICIT_RETAIN_SELF = YES;
				CLANG_WARN_OBJC_LITERAL_CONVERSION = YES;
				CLANG_WARN_OBJC_ROOT_CLASS = YES_ERROR;
				CLANG_WARN_QUOTED_INCLUDE_IN_FRAMEWORK_HEADER = YES;
				CLANG_WARN_RANGE_LOOP_ANALYSIS = YES;
				CLANG_WARN_STRICT_PROTOTYPES = YES;
				CLANG_WARN_SUSPICIOUS_MOVE = YES;
				CLANG_WARN_UNGUARDED_AVAILABILITY = YES_AGGRESSIVE;
				CLANG_WARN_UNREACHABLE_CODE = YES;
				CLANG_WARN__DUPLICATE_METHOD_MATCH = YES;
				COPY_PHASE_STRIP = NO;
				DEBUG_INFORMATION_FORMAT = dwarf;
				ENABLE_STRICT_OBJC_MSGSEND = YES;
				ENABLE_TESTABILITY = YES;
				GCC_C_LANGUAGE_STANDARD = gnu11;
				GCC_DYNAMIC_NO_PIC = NO;
				GCC_NO_COMMON_BLOCKS = YES;
				GCC_OPTIMIZATION_LEVEL = 0;
				GCC_PREPROCESSOR_DEFINITIONS = (
					"DEBUG=1",
					"$(inherited)",
				);
				GCC_WARN_64_TO_32_BIT_CONVERSION = YES;
				GCC_WARN_ABOUT_RETURN_TYPE = YES_ERROR;
				GCC_WARN_UNDECLARED_SELECTOR = YES;
				GCC_WARN_UNINITIALIZED_AUTOS = YES_AGGRESSIVE;
				GCC_WARN_UNUSED_FUNCTION = YES;
				GCC_WARN_UNUSED_VARIABLE = YES;
				IPHONEOS_DEPLOYMENT_TARGET = 14.5;
				MTL_ENABLE_DEBUG_INFO = INCLUDE_SOURCE;
				MTL_FAST_MATH = YES;
				ONLY_ACTIVE_ARCH = YES;
				SDKROOT = iphoneos;
				SWIFT_ACTIVE_COMPILATION_CONDITIONS = DEBUG;
				SWIFT_OPTIMIZATION_LEVEL = "-Onone";
			};
			name = Debug;
		};
		532272B6276F1EDD00F05437 /* Release */ = {
			isa = XCBuildConfiguration;
			buildSettings = {
				ALWAYS_SEARCH_USER_PATHS = NO;
				CLANG_ANALYZER_NONNULL = YES;
				CLANG_ANALYZER_NUMBER_OBJECT_CONVERSION = YES_AGGRESSIVE;
				CLANG_CXX_LANGUAGE_STANDARD = "gnu++14";
				CLANG_CXX_LIBRARY = "libc++";
				CLANG_ENABLE_MODULES = YES;
				CLANG_ENABLE_OBJC_ARC = YES;
				CLANG_ENABLE_OBJC_WEAK = YES;
				CLANG_WARN_BLOCK_CAPTURE_AUTORELEASING = YES;
				CLANG_WARN_BOOL_CONVERSION = YES;
				CLANG_WARN_COMMA = YES;
				CLANG_WARN_CONSTANT_CONVERSION = YES;
				CLANG_WARN_DEPRECATED_OBJC_IMPLEMENTATIONS = YES;
				CLANG_WARN_DIRECT_OBJC_ISA_USAGE = YES_ERROR;
				CLANG_WARN_DOCUMENTATION_COMMENTS = YES;
				CLANG_WARN_EMPTY_BODY = YES;
				CLANG_WARN_ENUM_CONVERSION = YES;
				CLANG_WARN_INFINITE_RECURSION = YES;
				CLANG_WARN_INT_CONVERSION = YES;
				CLANG_WARN_NON_LITERAL_NULL_CONVERSION = YES;
				CLANG_WARN_OBJC_IMPLICIT_RETAIN_SELF = YES;
				CLANG_WARN_OBJC_LITERAL_CONVERSION = YES;
				CLANG_WARN_OBJC_ROOT_CLASS = YES_ERROR;
				CLANG_WARN_QUOTED_INCLUDE_IN_FRAMEWORK_HEADER = YES;
				CLANG_WARN_RANGE_LOOP_ANALYSIS = YES;
				CLANG_WARN_STRICT_PROTOTYPES = YES;
				CLANG_WARN_SUSPICIOUS_MOVE = YES;
				CLANG_WARN_UNGUARDED_AVAILABILITY = YES_AGGRESSIVE;
				CLANG_WARN_UNREACHABLE_CODE = YES;
				CLANG_WARN__DUPLICATE_METHOD_MATCH = YES;
				COPY_PHASE_STRIP = NO;
				DEBUG_INFORMATION_FORMAT = "dwarf-with-dsym";
				ENABLE_NS_ASSERTIONS = NO;
				ENABLE_STRICT_OBJC_MSGSEND = YES;
				GCC_C_LANGUAGE_STANDARD = gnu11;
				GCC_NO_COMMON_BLOCKS = YES;
				GCC_WARN_64_TO_32_BIT_CONVERSION = YES;
				GCC_WARN_ABOUT_RETURN_TYPE = YES_ERROR;
				GCC_WARN_UNDECLARED_SELECTOR = YES;
				GCC_WARN_UNINITIALIZED_AUTOS = YES_AGGRESSIVE;
				GCC_WARN_UNUSED_FUNCTION = YES;
				GCC_WARN_UNUSED_VARIABLE = YES;
				IPHONEOS_DEPLOYMENT_TARGET = 14.5;
				MTL_ENABLE_DEBUG_INFO = NO;
				MTL_FAST_MATH = YES;
				SDKROOT = iphoneos;
				SWIFT_COMPILATION_MODE = wholemodule;
				SWIFT_OPTIMIZATION_LEVEL = "-O";
				VALIDATE_PRODUCT = YES;
			};
			name = Release;
		};
		532272B8276F1EDD00F05437 /* Debug */ = {
			isa = XCBuildConfiguration;
			buildSettings = {
				ASSETCATALOG_COMPILER_APPICON_NAME = AppIcon;
				ASSETCATALOG_COMPILER_GLOBAL_ACCENT_COLOR_NAME = AccentColor;
				CODE_SIGN_IDENTITY = "Apple Development";
				CODE_SIGN_STYLE = Automatic;
				DEVELOPMENT_TEAM = S59YTLB9XS;
				INFOPLIST_FILE = ALUMNI/Info.plist;
				IPHONEOS_DEPLOYMENT_TARGET = 14.5;
				LD_RUNPATH_SEARCH_PATHS = (
					"$(inherited)",
					"@executable_path/Frameworks",
				);
				PRODUCT_BUNDLE_IDENTIFIER = com.bushra.ALUMNI;
				PRODUCT_NAME = "$(TARGET_NAME)";
				PROVISIONING_PROFILE_SPECIFIER = "";
				SWIFT_VERSION = 5.0;
				TARGETED_DEVICE_FAMILY = "1,2";
			};
			name = Debug;
		};
		532272B9276F1EDD00F05437 /* Release */ = {
			isa = XCBuildConfiguration;
			buildSettings = {
				ASSETCATALOG_COMPILER_APPICON_NAME = AppIcon;
				ASSETCATALOG_COMPILER_GLOBAL_ACCENT_COLOR_NAME = AccentColor;
				CODE_SIGN_IDENTITY = "Apple Development";
				CODE_SIGN_STYLE = Automatic;
				DEVELOPMENT_TEAM = S59YTLB9XS;
				INFOPLIST_FILE = ALUMNI/Info.plist;
				IPHONEOS_DEPLOYMENT_TARGET = 14.5;
				LD_RUNPATH_SEARCH_PATHS = (
					"$(inherited)",
					"@executable_path/Frameworks",
				);
				PRODUCT_BUNDLE_IDENTIFIER = com.bushra.ALUMNI;
				PRODUCT_NAME = "$(TARGET_NAME)";
				PROVISIONING_PROFILE_SPECIFIER = "";
				SWIFT_VERSION = 5.0;
				TARGETED_DEVICE_FAMILY = "1,2";
			};
			name = Release;
		};
/* End XCBuildConfiguration section */

/* Begin XCConfigurationList section */
		5322729E276F1EDB00F05437 /* Build configuration list for PBXProject "ALUMNI" */ = {
			isa = XCConfigurationList;
			buildConfigurations = (
				532272B5276F1EDD00F05437 /* Debug */,
				532272B6276F1EDD00F05437 /* Release */,
			);
			defaultConfigurationIsVisible = 0;
			defaultConfigurationName = Release;
		};
		532272B7276F1EDD00F05437 /* Build configuration list for PBXNativeTarget "ALUMNI" */ = {
			isa = XCConfigurationList;
			buildConfigurations = (
				532272B8276F1EDD00F05437 /* Debug */,
				532272B9276F1EDD00F05437 /* Release */,
			);
			defaultConfigurationIsVisible = 0;
			defaultConfigurationName = Release;
		};
/* End XCConfigurationList section */

/* Begin XCRemoteSwiftPackageReference section */
		532272BC276F200300F05437 /* XCRemoteSwiftPackageReference "firebase-ios-sdk" */ = {
			isa = XCRemoteSwiftPackageReference;
			repositoryURL = "https://github.com/firebase/firebase-ios-sdk";
			requirement = {
				kind = upToNextMajorVersion;
				minimumVersion = 8.10.0;
			};
		};
		53D85DEE277A39A900D11B72 /* XCRemoteSwiftPackageReference "IQKeyboardManager" */ = {
			isa = XCRemoteSwiftPackageReference;
			repositoryURL = "https://github.com/hackiftekhar/IQKeyboardManager";
			requirement = {
				kind = upToNextMajorVersion;
				minimumVersion = 6.0.0;
			};
		};
		53FEC06D277F056E0027610D /* XCRemoteSwiftPackageReference "SDWebImage" */ = {
			isa = XCRemoteSwiftPackageReference;
			repositoryURL = "https://github.com/SDWebImage/SDWebImage.git";
			requirement = {
				branch = master;
				kind = branch;
			};
		};
/* End XCRemoteSwiftPackageReference section */

/* Begin XCSwiftPackageProductDependency section */
		532272BD276F200300F05437 /* FirebaseAuth */ = {
			isa = XCSwiftPackageProductDependency;
			package = 532272BC276F200300F05437 /* XCRemoteSwiftPackageReference "firebase-ios-sdk" */;
			productName = FirebaseAuth;
		};
		532272BF276F200300F05437 /* FirebaseFirestore */ = {
			isa = XCSwiftPackageProductDependency;
			package = 532272BC276F200300F05437 /* XCRemoteSwiftPackageReference "firebase-ios-sdk" */;
			productName = FirebaseFirestore;
		};
		534F46F9277DDD2900AFE5AA /* FirebaseStorage */ = {
			isa = XCSwiftPackageProductDependency;
			package = 532272BC276F200300F05437 /* XCRemoteSwiftPackageReference "firebase-ios-sdk" */;
			productName = FirebaseStorage;
		};
		53D85DEF277A39A900D11B72 /* IQKeyboardManagerSwift */ = {
			isa = XCSwiftPackageProductDependency;
			package = 53D85DEE277A39A900D11B72 /* XCRemoteSwiftPackageReference "IQKeyboardManager" */;
			productName = IQKeyboardManagerSwift;
		};
		53FEC06E277F056E0027610D /* SDWebImage */ = {
			isa = XCSwiftPackageProductDependency;
			package = 53FEC06D277F056E0027610D /* XCRemoteSwiftPackageReference "SDWebImage" */;
			productName = SDWebImage;
		};
/* End XCSwiftPackageProductDependency section */
	};
	rootObject = 5322729B276F1EDB00F05437 /* Project object */;
}
